// !$*UTF8*$!
{
	archiveVersion = 1;
	classes = {
	};
	objectVersion = 50;
	objects = {

/* Begin PBXBuildFile section */
		1167749221E177A800C034CF /* AppDelegate.swift in Sources */ = {isa = PBXBuildFile; fileRef = 1167749121E177A800C034CF /* AppDelegate.swift */; };
		1167749421E177A800C034CF /* ViewController.swift in Sources */ = {isa = PBXBuildFile; fileRef = 1167749321E177A800C034CF /* ViewController.swift */; };
		1167749721E177A800C034CF /* Main.storyboard in Resources */ = {isa = PBXBuildFile; fileRef = 1167749521E177A800C034CF /* Main.storyboard */; };
		1167749A21E177A800C034CF /* lessonTracker.xcdatamodeld in Sources */ = {isa = PBXBuildFile; fileRef = 1167749821E177A800C034CF /* lessonTracker.xcdatamodeld */; };
		1167749C21E177A900C034CF /* Assets.xcassets in Resources */ = {isa = PBXBuildFile; fileRef = 1167749B21E177A900C034CF /* Assets.xcassets */; };
		1167749F21E177A900C034CF /* LaunchScreen.storyboard in Resources */ = {isa = PBXBuildFile; fileRef = 1167749D21E177A900C034CF /* LaunchScreen.storyboard */; };
		116774A821E17C3300C034CF /* StudentCell.swift in Sources */ = {isa = PBXBuildFile; fileRef = 116774A721E17C3300C034CF /* StudentCell.swift */; };
/* End PBXBuildFile section */

/* Begin PBXFileReference section */
		1167748E21E177A800C034CF /* lessonTracker.app */ = {isa = PBXFileReference; explicitFileType = wrapper.application; includeInIndex = 0; path = lessonTracker.app; sourceTree = BUILT_PRODUCTS_DIR; };
		1167749121E177A800C034CF /* AppDelegate.swift */ = {isa = PBXFileReference; lastKnownFileType = sourcecode.swift; path = AppDelegate.swift; sourceTree = "<group>"; };
		1167749321E177A800C034CF /* ViewController.swift */ = {isa = PBXFileReference; lastKnownFileType = sourcecode.swift; path = ViewController.swift; sourceTree = "<group>"; };
		1167749621E177A800C034CF /* Base */ = {isa = PBXFileReference; lastKnownFileType = file.storyboard; name = Base; path = Base.lproj/Main.storyboard; sourceTree = "<group>"; };
		1167749921E177A800C034CF /* lessonTracker.xcdatamodel */ = {isa = PBXFileReference; lastKnownFileType = wrapper.xcdatamodel; path = lessonTracker.xcdatamodel; sourceTree = "<group>"; };
		1167749B21E177A900C034CF /* Assets.xcassets */ = {isa = PBXFileReference; lastKnownFileType = folder.assetcatalog; path = Assets.xcassets; sourceTree = "<group>"; };
		1167749E21E177A900C034CF /* Base */ = {isa = PBXFileReference; lastKnownFileType = file.storyboard; name = Base; path = Base.lproj/LaunchScreen.storyboard; sourceTree = "<group>"; };
		116774A021E177A900C034CF /* Info.plist */ = {isa = PBXFileReference; lastKnownFileType = text.plist.xml; path = Info.plist; sourceTree = "<group>"; };
		116774A721E17C3300C034CF /* StudentCell.swift */ = {isa = PBXFileReference; lastKnownFileType = sourcecode.swift; path = StudentCell.swift; sourceTree = "<group>"; };
/* End PBXFileReference section */

/* Begin PBXFrameworksBuildPhase section */
		1167748B21E177A800C034CF /* Frameworks */ = {
			isa = PBXFrameworksBuildPhase;
			buildActionMask = 2147483647;
			files = (
			);
			runOnlyForDeploymentPostprocessing = 0;
		};
/* End PBXFrameworksBuildPhase section */

/* Begin PBXGroup section */
		1167748521E177A800C034CF = {
			isa = PBXGroup;
			children = (
				1167749021E177A800C034CF /* lessonTracker */,
				1167748F21E177A800C034CF /* Products */,
			);
			sourceTree = "<group>";
		};
		1167748F21E177A800C034CF /* Products */ = {
			isa = PBXGroup;
			children = (
				1167748E21E177A800C034CF /* lessonTracker.app */,
			);
			name = Products;
			sourceTree = "<group>";
		};
		1167749021E177A800C034CF /* lessonTracker */ = {
			isa = PBXGroup;
			children = (
				116774A621E17C1000C034CF /* Model */,
				1167749121E177A800C034CF /* AppDelegate.swift */,
				1167749321E177A800C034CF /* ViewController.swift */,
				1167749521E177A800C034CF /* Main.storyboard */,
				1167749B21E177A900C034CF /* Assets.xcassets */,
				1167749D21E177A900C034CF /* LaunchScreen.storyboard */,
				116774A021E177A900C034CF /* Info.plist */,
				1167749821E177A800C034CF /* lessonTracker.xcdatamodeld */,
			);
			path = lessonTracker;
			sourceTree = "<group>";
		};
		116774A621E17C1000C034CF /* Model */ = {
			isa = PBXGroup;
			children = (
				116774A721E17C3300C034CF /* StudentCell.swift */,
			);
			path = Model;
			sourceTree = "<group>";
		};
/* End PBXGroup section */

/* Begin PBXNativeTarget section */
		1167748D21E177A800C034CF /* lessonTracker */ = {
			isa = PBXNativeTarget;
			buildConfigurationList = 116774A321E177A900C034CF /* Build configuration list for PBXNativeTarget "lessonTracker" */;
			buildPhases = (
				1167748A21E177A800C034CF /* Sources */,
				1167748B21E177A800C034CF /* Frameworks */,
				1167748C21E177A800C034CF /* Resources */,
			);
			buildRules = (
			);
			dependencies = (
			);
			name = lessonTracker;
			productName = lessonTracker;
			productReference = 1167748E21E177A800C034CF /* lessonTracker.app */;
			productType = "com.apple.product-type.application";
		};
/* End PBXNativeTarget section */

/* Begin PBXProject section */
		1167748621E177A800C034CF /* Project object */ = {
			isa = PBXProject;
			attributes = {
				LastSwiftUpdateCheck = 1010;
				LastUpgradeCheck = 1010;
				ORGANIZATIONNAME = "Nathan Sepulveda";
				TargetAttributes = {
					1167748D21E177A800C034CF = {
						CreatedOnToolsVersion = 10.1;
					};
				};
			};
			buildConfigurationList = 1167748921E177A800C034CF /* Build configuration list for PBXProject "lessonTracker" */;
			compatibilityVersion = "Xcode 9.3";
			developmentRegion = en;
			hasScannedForEncodings = 0;
			knownRegions = (
				en,
				Base,
			);
			mainGroup = 1167748521E177A800C034CF;
			productRefGroup = 1167748F21E177A800C034CF /* Products */;
			projectDirPath = "";
			projectRoot = "";
			targets = (
				1167748D21E177A800C034CF /* lessonTracker */,
			);
		};
/* End PBXProject section */

/* Begin PBXResourcesBuildPhase section */
		1167748C21E177A800C034CF /* Resources */ = {
			isa = PBXResourcesBuildPhase;
			buildActionMask = 2147483647;
			files = (
				1167749F21E177A900C034CF /* LaunchScreen.storyboard in Resources */,
				1167749C21E177A900C034CF /* Assets.xcassets in Resources */,
				1167749721E177A800C034CF /* Main.storyboard in Resources */,
			);
			runOnlyForDeploymentPostprocessing = 0;
		};
/* End PBXResourcesBuildPhase section */

/* Begin PBXSourcesBuildPhase section */
		1167748A21E177A800C034CF /* Sources */ = {
			isa = PBXSourcesBuildPhase;
			buildActionMask = 2147483647;
			files = (
				1167749421E177A800C034CF /* ViewController.swift in Sources */,
				1167749221E177A800C034CF /* AppDelegate.swift in Sources */,
				1167749A21E177A800C034CF /* lessonTracker.xcdatamodeld in Sources */,
				116774A821E17C3300C034CF /* StudentCell.swift in Sources */,
			);
			runOnlyForDeploymentPostprocessing = 0;
		};
/* End PBXSourcesBuildPhase section */

/* Begin PBXVariantGroup section */
		1167749521E177A800C034CF /* Main.storyboard */ = {
			isa = PBXVariantGroup;
			children = (
				1167749621E177A800C034CF /* Base */,
			);
			name = Main.storyboard;
			sourceTree = "<group>";
		};
		1167749D21E177A900C034CF /* LaunchScreen.storyboard */ = {
			isa = PBXVariantGroup;
			children = (
				1167749E21E177A900C034CF /* Base */,
			);
			name = LaunchScreen.storyboard;
			sourceTree = "<group>";
		};
/* End PBXVariantGroup section */

/* Begin XCBuildConfiguration section */
		116774A121E177A900C034CF /* Debug */ = {
			isa = XCBuildConfiguration;
			buildSettings = {
				ALWAYS_SEARCH_USER_PATHS = NO;
				CLANG_ANALYZER_NONNULL = YES;
				CLANG_ANALYZER_NUMBER_OBJECT_CONVERSION = YES_AGGRESSIVE;
				CLANG_CXX_LANGUAGE_STANDARD = "gnu++14";
				CLANG_CXX_LIBRARY = "libc++";
				CLANG_ENABLE_MODULES = YES;
				CLANG_ENABLE_OBJC_ARC = YES;
				CLANG_ENABLE_OBJC_WEAK = YES;
				CLANG_WARN_BLOCK_CAPTURE_AUTORELEASING = YES;
				CLANG_WARN_BOOL_CONVERSION = YES;
				CLANG_WARN_COMMA = YES;
				CLANG_WARN_CONSTANT_CONVERSION = YES;
				CLANG_WARN_DEPRECATED_OBJC_IMPLEMENTATIONS = YES;
				CLANG_WARN_DIRECT_OBJC_ISA_USAGE = YES_ERROR;
				CLANG_WARN_DOCUMENTATION_COMMENTS = YES;
				CLANG_WARN_EMPTY_BODY = YES;
				CLANG_WARN_ENUM_CONVERSION = YES;
				CLANG_WARN_INFINITE_RECURSION = YES;
				CLANG_WARN_INT_CONVERSION = YES;
				CLANG_WARN_NON_LITERAL_NULL_CONVERSION = YES;
				CLANG_WARN_OBJC_IMPLICIT_RETAIN_SELF = YES;
				CLANG_WARN_OBJC_LITERAL_CONVERSION = YES;
				CLANG_WARN_OBJC_ROOT_CLASS = YES_ERROR;
				CLANG_WARN_RANGE_LOOP_ANALYSIS = YES;
				CLANG_WARN_STRICT_PROTOTYPES = YES;
				CLANG_WARN_SUSPICIOUS_MOVE = YES;
				CLANG_WARN_UNGUARDED_AVAILABILITY = YES_AGGRESSIVE;
				CLANG_WARN_UNREACHABLE_CODE = YES;
				CLANG_WARN__DUPLICATE_METHOD_MATCH = YES;
				CODE_SIGN_IDENTITY = "iPhone Developer";
				COPY_PHASE_STRIP = NO;
				DEBUG_INFORMATION_FORMAT = dwarf;
				ENABLE_STRICT_OBJC_MSGSEND = YES;
				ENABLE_TESTABILITY = YES;
				GCC_C_LANGUAGE_STANDARD = gnu11;
				GCC_DYNAMIC_NO_PIC = NO;
				GCC_NO_COMMON_BLOCKS = YES;
				GCC_OPTIMIZATION_LEVEL = 0;
				GCC_PREPROCESSOR_DEFINITIONS = (
					"DEBUG=1",
					"$(inherited)",
				);
				GCC_WARN_64_TO_32_BIT_CONVERSION = YES;
				GCC_WARN_ABOUT_RETURN_TYPE = YES_ERROR;
				GCC_WARN_UNDECLARED_SELECTOR = YES;
				GCC_WARN_UNINITIALIZED_AUTOS = YES_AGGRESSIVE;
				GCC_WARN_UNUSED_FUNCTION = YES;
				GCC_WARN_UNUSED_VARIABLE = YES;
				IPHONEOS_DEPLOYMENT_TARGET = 12.1;
				MTL_ENABLE_DEBUG_INFO = INCLUDE_SOURCE;
				MTL_FAST_MATH = YES;
				ONLY_ACTIVE_ARCH = YES;
				SDKROOT = iphoneos;
				SWIFT_ACTIVE_COMPILATION_CONDITIONS = DEBUG;
				SWIFT_OPTIMIZATION_LEVEL = "-Onone";
			};
			name = Debug;
		};
		116774A221E177A900C034CF /* Release */ = {
			isa = XCBuildConfiguration;
			buildSettings = {
				ALWAYS_SEARCH_USER_PATHS = NO;
				CLANG_ANALYZER_NONNULL = YES;
				CLANG_ANALYZER_NUMBER_OBJECT_CONVERSION = YES_AGGRESSIVE;
				CLANG_CXX_LANGUAGE_STANDARD = "gnu++14";
				CLANG_CXX_LIBRARY = "libc++";
				CLANG_ENABLE_MODULES = YES;
				CLANG_ENABLE_OBJC_ARC = YES;
				CLANG_ENABLE_OBJC_WEAK = YES;
				CLANG_WARN_BLOCK_CAPTURE_AUTORELEASING = YES;
				CLANG_WARN_BOOL_CONVERSION = YES;
				CLANG_WARN_COMMA = YES;
				CLANG_WARN_CONSTANT_CONVERSION = YES;
				CLANG_WARN_DEPRECATED_OBJC_IMPLEMENTATIONS = YES;
				CLANG_WARN_DIRECT_OBJC_ISA_USAGE = YES_ERROR;
				CLANG_WARN_DOCUMENTATION_COMMENTS = YES;
				CLANG_WARN_EMPTY_BODY = YES;
				CLANG_WARN_ENUM_CONVERSION = YES;
				CLANG_WARN_INFINITE_RECURSION = YES;
				CLANG_WARN_INT_CONVERSION = YES;
				CLANG_WARN_NON_LITERAL_NULL_CONVERSION = YES;
				CLANG_WARN_OBJC_IMPLICIT_RETAIN_SELF = YES;
				CLANG_WARN_OBJC_LITERAL_CONVERSION = YES;
				CLANG_WARN_OBJC_ROOT_CLASS = YES_ERROR;
				CLANG_WARN_RANGE_LOOP_ANALYSIS = YES;
				CLANG_WARN_STRICT_PROTOTYPES = YES;
				CLANG_WARN_SUSPICIOUS_MOVE = YES;
				CLANG_WARN_UNGUARDED_AVAILABILITY = YES_AGGRESSIVE;
				CLANG_WARN_UNREACHABLE_CODE = YES;
				CLANG_WARN__DUPLICATE_METHOD_MATCH = YES;
				CODE_SIGN_IDENTITY = "iPhone Developer";
				COPY_PHASE_STRIP = NO;
				DEBUG_INFORMATION_FORMAT = "dwarf-with-dsym";
				ENABLE_NS_ASSERTIONS = NO;
				ENABLE_STRICT_OBJC_MSGSEND = YES;
				GCC_C_LANGUAGE_STANDARD = gnu11;
				GCC_NO_COMMON_BLOCKS = YES;
				GCC_WARN_64_TO_32_BIT_CONVERSION = YES;
				GCC_WARN_ABOUT_RETURN_TYPE = YES_ERROR;
				GCC_WARN_UNDECLARED_SELECTOR = YES;
				GCC_WARN_UNINITIALIZED_AUTOS = YES_AGGRESSIVE;
				GCC_WARN_UNUSED_FUNCTION = YES;
				GCC_WARN_UNUSED_VARIABLE = YES;
				IPHONEOS_DEPLOYMENT_TARGET = 12.1;
				MTL_ENABLE_DEBUG_INFO = NO;
				MTL_FAST_MATH = YES;
				SDKROOT = iphoneos;
				SWIFT_COMPILATION_MODE = wholemodule;
				SWIFT_OPTIMIZATION_LEVEL = "-O";
				VALIDATE_PRODUCT = YES;
			};
			name = Release;
		};
		116774A421E177A900C034CF /* Debug */ = {
			isa = XCBuildConfiguration;
			buildSettings = {
				ASSETCATALOG_COMPILER_APPICON_NAME = AppIcon;
				CODE_SIGN_STYLE = Automatic;
				DEVELOPMENT_TEAM = 582GHB67U8;
				INFOPLIST_FILE = lessonTracker/Info.plist;
				LD_RUNPATH_SEARCH_PATHS = (
					"$(inherited)",
					"@executable_path/Frameworks",
				);
				PRODUCT_BUNDLE_IDENTIFIER = com.NathanSepulveda.lessonTracker;
				PRODUCT_NAME = "$(TARGET_NAME)";
				SWIFT_VERSION = 4.2;
				TARGETED_DEVICE_FAMILY = "1,2";
			};
			name = Debug;
		};
		116774A521E177A900C034CF /* Release */ = {
			isa = XCBuildConfiguration;
			buildSettings = {
				ASSETCATALOG_COMPILER_APPICON_NAME = AppIcon;
				CODE_SIGN_STYLE = Automatic;
				DEVELOPMENT_TEAM = 582GHB67U8;
				INFOPLIST_FILE = lessonTracker/Info.plist;
				LD_RUNPATH_SEARCH_PATHS = (
					"$(inherited)",
					"@executable_path/Frameworks",
				);
				PRODUCT_BUNDLE_IDENTIFIER = com.NathanSepulveda.lessonTracker;
				PRODUCT_NAME = "$(TARGET_NAME)";
				SWIFT_VERSION = 4.2;
				TARGETED_DEVICE_FAMILY = "1,2";
			};
			name = Release;
		};
/* End XCBuildConfiguration section */

/* Begin XCConfigurationList section */
		1167748921E177A800C034CF /* Build configuration list for PBXProject "lessonTracker" */ = {
			isa = XCConfigurationList;
			buildConfigurations = (
				116774A121E177A900C034CF /* Debug */,
				116774A221E177A900C034CF /* Release */,
			);
			defaultConfigurationIsVisible = 0;
			defaultConfigurationName = Release;
		};
		116774A321E177A900C034CF /* Build configuration list for PBXNativeTarget "lessonTracker" */ = {
			isa = XCConfigurationList;
			buildConfigurations = (
				116774A421E177A900C034CF /* Debug */,
				116774A521E177A900C034CF /* Release */,
			);
			defaultConfigurationIsVisible = 0;
			defaultConfigurationName = Release;
		};
/* End XCConfigurationList section */

/* Begin XCVersionGroup section */
		1167749821E177A800C034CF /* lessonTracker.xcdatamodeld */ = {
			isa = XCVersionGroup;
			children = (
				1167749921E177A800C034CF /* lessonTracker.xcdatamodel */,
			);
			currentVersion = 1167749921E177A800C034CF /* lessonTracker.xcdatamodel */;
			path = lessonTracker.xcdatamodeld;
			sourceTree = "<group>";
			versionGroupType = wrapper.xcdatamodel;
		};
/* End XCVersionGroup section */
	};
	rootObject = 1167748621E177A800C034CF /* Project object */;
}
